
Microsoft Visual Studio Solution File, Format Version 12.00
# Visual Studio Version 17
VisualStudioVersion = 17.9.34902.65
MinimumVisualStudioVersion = 10.0.40219.1
Project("{FAE04EC0-301F-11D3-BF4B-00C04F79EFBC}") = "MindMaster.Android", "MindMaster\MindMaster.Android\MindMaster.Android.csproj", "{F90CFD49-BD01-48F2-B1EF-7F17BDEBF0F9}"
EndProject
Project("{FAE04EC0-301F-11D3-BF4B-00C04F79EFBC}") = "MindMaster.iOS", "MindMaster\MindMaster.iOS\MindMaster.iOS.csproj", "{449B7229-B611-48C7-93DA-83284A52AC83}"
EndProject
Project("{FAE04EC0-301F-11D3-BF4B-00C04F79EFBC}") = "MindMaster", "MindMaster\MindMaster\MindMaster.csproj", "{D31E311A-750B-453A-B8EA-EF01107DE435}"
EndProject
Global
	GlobalSection(SolutionConfigurationPlatforms) = preSolution
		Debug|Any CPU = Debug|Any CPU
		Debug|iPhone = Debug|iPhone
		Debug|iPhoneSimulator = Debug|iPhoneSimulator
		Release|Any CPU = Release|Any CPU
		Release|iPhone = Release|iPhone
		Release|iPhoneSimulator = Release|iPhoneSimulator
	EndGlobalSection
	GlobalSection(ProjectConfigurationPlatforms) = postSolution
		{F90CFD49-BD01-48F2-B1EF-7F17BDEBF0F9}.Debug|Any CPU.ActiveCfg = Debug|Any CPU
		{F90CFD49-BD01-48F2-B1EF-7F17BDEBF0F9}.Debug|Any CPU.Build.0 = Debug|Any CPU
		{F90CFD49-BD01-48F2-B1EF-7F17BDEBF0F9}.Debug|Any CPU.Deploy.0 = Debug|Any CPU
		{F90CFD49-BD01-48F2-B1EF-7F17BDEBF0F9}.Debug|iPhone.ActiveCfg = Debug|Any CPU
		{F90CFD49-BD01-48F2-B1EF-7F17BDEBF0F9}.Debug|iPhone.Build.0 = Debug|Any CPU
		{F90CFD49-BD01-48F2-B1EF-7F17BDEBF0F9}.Debug|iPhone.Deploy.0 = Debug|Any CPU
		{F90CFD49-BD01-48F2-B1EF-7F17BDEBF0F9}.Debug|iPhoneSimulator.ActiveCfg = Debug|Any CPU
		{F90CFD49-BD01-48F2-B1EF-7F17BDEBF0F9}.Debug|iPhoneSimulator.Build.0 = Debug|Any CPU
		{F90CFD49-BD01-48F2-B1EF-7F17BDEBF0F9}.Debug|iPhoneSimulator.Deploy.0 = Debug|Any CPU
		{F90CFD49-BD01-48F2-B1EF-7F17BDEBF0F9}.Release|Any CPU.ActiveCfg = Release|Any CPU
		{F90CFD49-BD01-48F2-B1EF-7F17BDEBF0F9}.Release|Any CPU.Build.0 = Release|Any CPU
		{F90CFD49-BD01-48F2-B1EF-7F17BDEBF0F9}.Release|Any CPU.Deploy.0 = Release|Any CPU
		{F90CFD49-BD01-48F2-B1EF-7F17BDEBF0F9}.Release|iPhone.ActiveCfg = Release|Any CPU
		{F90CFD49-BD01-48F2-B1EF-7F17BDEBF0F9}.Release|iPhone.Build.0 = Release|Any CPU
		{F90CFD49-BD01-48F2-B1EF-7F17BDEBF0F9}.Release|iPhone.Deploy.0 = Release|Any CPU
		{F90CFD49-BD01-48F2-B1EF-7F17BDEBF0F9}.Release|iPhoneSimulator.ActiveCfg = Release|Any CPU
		{F90CFD49-BD01-48F2-B1EF-7F17BDEBF0F9}.Release|iPhoneSimulator.Build.0 = Release|Any CPU
		{F90CFD49-BD01-48F2-B1EF-7F17BDEBF0F9}.Release|iPhoneSimulator.Deploy.0 = Release|Any CPU
		{449B7229-B611-48C7-93DA-83284A52AC83}.Debug|Any CPU.ActiveCfg = Debug|iPhone
		{449B7229-B611-48C7-93DA-83284A52AC83}.Debug|Any CPU.Build.0 = Debug|iPhone
		{449B7229-B611-48C7-93DA-83284A52AC83}.Debug|Any CPU.Deploy.0 = Debug|iPhone
		{449B7229-B611-48C7-93DA-83284A52AC83}.Debug|iPhone.ActiveCfg = Debug|iPhone
		{449B7229-B611-48C7-93DA-83284A52AC83}.Debug|iPhone.Build.0 = Debug|iPhone
		{449B7229-B611-48C7-93DA-83284A52AC83}.Debug|iPhone.Deploy.0 = Debug|iPhone
		{449B7229-B611-48C7-93DA-83284A52AC83}.Debug|iPhoneSimulator.ActiveCfg = Debug|iPhoneSimulator
		{449B7229-B611-48C7-93DA-83284A52AC83}.Debug|iPhoneSimulator.Build.0 = Debug|iPhoneSimulator
		{449B7229-B611-48C7-93DA-83284A52AC83}.Debug|iPhoneSimulator.Deploy.0 = Debug|iPhoneSimulator
		{449B7229-B611-48C7-93DA-83284A52AC83}.Release|Any CPU.ActiveCfg = Release|iPhoneSimulator
		{449B7229-B611-48C7-93DA-83284A52AC83}.Release|Any CPU.Build.0 = Release|iPhoneSimulator
		{449B7229-B611-48C7-93DA-83284A52AC83}.Release|Any CPU.Deploy.0 = Release|iPhoneSimulator
		{449B7229-B611-48C7-93DA-83284A52AC83}.Release|iPhone.ActiveCfg = Release|iPhone
		{449B7229-B611-48C7-93DA-83284A52AC83}.Release|iPhone.Build.0 = Release|iPhone
		{449B7229-B611-48C7-93DA-83284A52AC83}.Release|iPhone.Deploy.0 = Release|iPhone
		{449B7229-B611-48C7-93DA-83284A52AC83}.Release|iPhoneSimulator.ActiveCfg = Release|iPhoneSimulator
		{449B7229-B611-48C7-93DA-83284A52AC83}.Release|iPhoneSimulator.Build.0 = Release|iPhoneSimulator
		{449B7229-B611-48C7-93DA-83284A52AC83}.Release|iPhoneSimulator.Deploy.0 = Release|iPhoneSimulator
		{D31E311A-750B-453A-B8EA-EF01107DE435}.Debug|Any CPU.ActiveCfg = Debug|Any CPU
		{D31E311A-750B-453A-B8EA-EF01107DE435}.Debug|Any CPU.Build.0 = Debug|Any CPU
		{D31E311A-750B-453A-B8EA-EF01107DE435}.Debug|Any CPU.Deploy.0 = Debug|Any CPU
		{D31E311A-750B-453A-B8EA-EF01107DE435}.Debug|iPhone.ActiveCfg = Debug|Any CPU
		{D31E311A-750B-453A-B8EA-EF01107DE435}.Debug|iPhone.Build.0 = Debug|Any CPU
		{D31E311A-750B-453A-B8EA-EF01107DE435}.Debug|iPhone.Deploy.0 = Debug|Any CPU
		{D31E311A-750B-453A-B8EA-EF01107DE435}.Debug|iPhoneSimulator.ActiveCfg = Debug|Any CPU
		{D31E311A-750B-453A-B8EA-EF01107DE435}.Debug|iPhoneSimulator.Build.0 = Debug|Any CPU
		{D31E311A-750B-453A-B8EA-EF01107DE435}.Debug|iPhoneSimulator.Deploy.0 = Debug|Any CPU
		{D31E311A-750B-453A-B8EA-EF01107DE435}.Release|Any CPU.ActiveCfg = Release|Any CPU
		{D31E311A-750B-453A-B8EA-EF01107DE435}.Release|Any CPU.Build.0 = Release|Any CPU
		{D31E311A-750B-453A-B8EA-EF01107DE435}.Release|Any CPU.Deploy.0 = Release|Any CPU
		{D31E311A-750B-453A-B8EA-EF01107DE435}.Release|iPhone.ActiveCfg = Release|Any CPU
		{D31E311A-750B-453A-B8EA-EF01107DE435}.Release|iPhone.Build.0 = Release|Any CPU
		{D31E311A-750B-453A-B8EA-EF01107DE435}.Release|iPhone.Deploy.0 = Release|Any CPU
		{D31E311A-750B-453A-B8EA-EF01107DE435}.Release|iPhoneSimulator.ActiveCfg = Release|Any CPU
		{D31E311A-750B-453A-B8EA-EF01107DE435}.Release|iPhoneSimulator.Build.0 = Release|Any CPU
		{D31E311A-750B-453A-B8EA-EF01107DE435}.Release|iPhoneSimulator.Deploy.0 = Release|Any CPU
	EndGlobalSection
	GlobalSection(SolutionProperties) = preSolution
		HideSolutionNode = FALSE
	EndGlobalSection
	GlobalSection(ExtensibilityGlobals) = postSolution
		SolutionGuid = {A9A4F84F-CAA7-42F3-8358-828402CBF5C5}
	EndGlobalSection
EndGlobal
